
Microsoft Visual Studio Solution File, Format Version 12.00
# Visual Studio Version 17
VisualStudioVersion = 17.5.002.0
MinimumVisualStudioVersion = 10.0.40219.1
Project("{9A19103F-16F7-4668-BE54-9A1E7A4F7556}") = "BookLendAPI", "BookLendAPI.csproj", "{E4630AC5-4604-44B9-A6A6-8E6AE8C5584B}"
EndProject
Global
	GlobalSection(SolutionConfigurationPlatforms) = preSolution
		Debug|Any CPU = Debug|Any CPU
		Release|Any CPU = Release|Any CPU
	EndGlobalSection
	GlobalSection(ProjectConfigurationPlatforms) = postSolution
		{E4630AC5-4604-44B9-A6A6-8E6AE8C5584B}.Debug|Any CPU.ActiveCfg = Debug|Any CPU
		{E4630AC5-4604-44B9-A6A6-8E6AE8C5584B}.Debug|Any CPU.Build.0 = Debug|Any CPU
		{E4630AC5-4604-44B9-A6A6-8E6AE8C5584B}.Release|Any CPU.ActiveCfg = Release|Any CPU
		{E4630AC5-4604-44B9-A6A6-8E6AE8C5584B}.Release|Any CPU.Build.0 = Release|Any CPU
	EndGlobalSection
	GlobalSection(SolutionProperties) = preSolution
		HideSolutionNode = FALSE
	EndGlobalSection
	GlobalSection(ExtensibilityGlobals) = postSolution
		SolutionGuid = {14C3933A-8827-41AC-9D94-0E7555769B3C}
	EndGlobalSection
EndGlobal
